
Microsoft Visual Studio Solution File, Format Version 12.00
# Visual Studio Version 16
VisualStudioVersion = 16.0.28803.156
MinimumVisualStudioVersion = 10.0.40219.1
Project("{FAE04EC0-301F-11D3-BF4B-00C04F79EFBC}") = "DancingLinks", "DancingLinks\DancingLinks.csproj", "{BDFAB1BF-6568-4567-9111-124F434F4104}"
EndProject
Project("{FAE04EC0-301F-11D3-BF4B-00C04F79EFBC}") = "DancingLinks.Tests", "DancingLinks.Tests\DancingLinks.Tests.csproj", "{92185697-9085-41A5-8296-86FB5CFBEA36}"
EndProject
Global
	GlobalSection(SolutionConfigurationPlatforms) = preSolution
		Debug|Any CPU = Debug|Any CPU
		Release|Any CPU = Release|Any CPU
	EndGlobalSection
	GlobalSection(ProjectConfigurationPlatforms) = postSolution
		{BDFAB1BF-6568-4567-9111-124F434F4104}.Debug|Any CPU.ActiveCfg = Debug|Any CPU
		{BDFAB1BF-6568-4567-9111-124F434F4104}.Debug|Any CPU.Build.0 = Debug|Any CPU
		{BDFAB1BF-6568-4567-9111-124F434F4104}.Release|Any CPU.ActiveCfg = Release|Any CPU
		{BDFAB1BF-6568-4567-9111-124F434F4104}.Release|Any CPU.Build.0 = Release|Any CPU
		{92185697-9085-41A5-8296-86FB5CFBEA36}.Debug|Any CPU.ActiveCfg = Debug|Any CPU
		{92185697-9085-41A5-8296-86FB5CFBEA36}.Debug|Any CPU.Build.0 = Debug|Any CPU
		{92185697-9085-41A5-8296-86FB5CFBEA36}.Release|Any CPU.ActiveCfg = Release|Any CPU
		{92185697-9085-41A5-8296-86FB5CFBEA36}.Release|Any CPU.Build.0 = Release|Any CPU
	EndGlobalSection
	GlobalSection(SolutionProperties) = preSolution
		HideSolutionNode = FALSE
	EndGlobalSection
	GlobalSection(ExtensibilityGlobals) = postSolution
		SolutionGuid = {D8E06488-F1C5-4355-B905-C8CDB8F4D4E4}
	EndGlobalSection
EndGlobal
